// !$*UTF8*$!
{
	archiveVersion = 1;
	classes = {
	};
	objectVersion = 56;
	objects = {

/* Begin PBXBuildFile section */
		36194EE428F5EC9700477122 /* SecondViewController.swift in Sources */ = {isa = PBXBuildFile; fileRef = 36194EE328F5EC9700477122 /* SecondViewController.swift */; };
		36194EE628F5F21F00477122 /* SecondViewController.storyboard in Resources */ = {isa = PBXBuildFile; fileRef = 36194EE528F5F21F00477122 /* SecondViewController.storyboard */; };
		36194EE828F5F2B700477122 /* ThirdViewController.storyboard in Resources */ = {isa = PBXBuildFile; fileRef = 36194EE728F5F2B700477122 /* ThirdViewController.storyboard */; };
		36194EEA28F5F2F600477122 /* ThirdViewController.swift in Sources */ = {isa = PBXBuildFile; fileRef = 36194EE928F5F2F600477122 /* ThirdViewController.swift */; };
		36194EEC28F5F49E00477122 /* FourthViewController.storyboard in Resources */ = {isa = PBXBuildFile; fileRef = 36194EEB28F5F49E00477122 /* FourthViewController.storyboard */; };
		36194EEE28F5F4D700477122 /* FourthViewController.swift in Sources */ = {isa = PBXBuildFile; fileRef = 36194EED28F5F4D700477122 /* FourthViewController.swift */; };
		365C65BF28F5DB7800EFB940 /* AppDelegate.swift in Sources */ = {isa = PBXBuildFile; fileRef = 365C65BE28F5DB7800EFB940 /* AppDelegate.swift */; };
		365C65C128F5DB7800EFB940 /* SceneDelegate.swift in Sources */ = {isa = PBXBuildFile; fileRef = 365C65C028F5DB7800EFB940 /* SceneDelegate.swift */; };
		365C65C328F5DB7800EFB940 /* ViewController.swift in Sources */ = {isa = PBXBuildFile; fileRef = 365C65C228F5DB7800EFB940 /* ViewController.swift */; };
		365C65C628F5DB7800EFB940 /* Main.storyboard in Resources */ = {isa = PBXBuildFile; fileRef = 365C65C428F5DB7800EFB940 /* Main.storyboard */; };
		365C65C828F5DB7900EFB940 /* Assets.xcassets in Resources */ = {isa = PBXBuildFile; fileRef = 365C65C728F5DB7900EFB940 /* Assets.xcassets */; };
		365C65CB28F5DB7900EFB940 /* LaunchScreen.storyboard in Resources */ = {isa = PBXBuildFile; fileRef = 365C65C928F5DB7900EFB940 /* LaunchScreen.storyboard */; };
/* End PBXBuildFile section */

/* Begin PBXFileReference section */
		36194EE328F5EC9700477122 /* SecondViewController.swift */ = {isa = PBXFileReference; lastKnownFileType = sourcecode.swift; path = SecondViewController.swift; sourceTree = "<group>"; };
		36194EE528F5F21F00477122 /* SecondViewController.storyboard */ = {isa = PBXFileReference; lastKnownFileType = file.storyboard; path = SecondViewController.storyboard; sourceTree = "<group>"; };
		36194EE728F5F2B700477122 /* ThirdViewController.storyboard */ = {isa = PBXFileReference; lastKnownFileType = file.storyboard; path = ThirdViewController.storyboard; sourceTree = "<group>"; };
		36194EE928F5F2F600477122 /* ThirdViewController.swift */ = {isa = PBXFileReference; lastKnownFileType = sourcecode.swift; path = ThirdViewController.swift; sourceTree = "<group>"; };
		36194EEB28F5F49E00477122 /* FourthViewController.storyboard */ = {isa = PBXFileReference; lastKnownFileType = file.storyboard; path = FourthViewController.storyboard; sourceTree = "<group>"; };
		36194EED28F5F4D700477122 /* FourthViewController.swift */ = {isa = PBXFileReference; lastKnownFileType = sourcecode.swift; path = FourthViewController.swift; sourceTree = "<group>"; };
		365C65BB28F5DB7800EFB940 /* ProjetoNavigation.app */ = {isa = PBXFileReference; explicitFileType = wrapper.application; includeInIndex = 0; path = ProjetoNavigation.app; sourceTree = BUILT_PRODUCTS_DIR; };
		365C65BE28F5DB7800EFB940 /* AppDelegate.swift */ = {isa = PBXFileReference; lastKnownFileType = sourcecode.swift; path = AppDelegate.swift; sourceTree = "<group>"; };
		365C65C028F5DB7800EFB940 /* SceneDelegate.swift */ = {isa = PBXFileReference; lastKnownFileType = sourcecode.swift; path = SceneDelegate.swift; sourceTree = "<group>"; };
		365C65C228F5DB7800EFB940 /* ViewController.swift */ = {isa = PBXFileReference; lastKnownFileType = sourcecode.swift; path = ViewController.swift; sourceTree = "<group>"; };
		365C65C528F5DB7800EFB940 /* Base */ = {isa = PBXFileReference; lastKnownFileType = file.storyboard; name = Base; path = Base.lproj/Main.storyboard; sourceTree = "<group>"; };
		365C65C728F5DB7900EFB940 /* Assets.xcassets */ = {isa = PBXFileReference; lastKnownFileType = folder.assetcatalog; path = Assets.xcassets; sourceTree = "<group>"; };
		365C65CA28F5DB7900EFB940 /* Base */ = {isa = PBXFileReference; lastKnownFileType = file.storyboard; name = Base; path = Base.lproj/LaunchScreen.storyboard; sourceTree = "<group>"; };
		365C65CC28F5DB7900EFB940 /* Info.plist */ = {isa = PBXFileReference; lastKnownFileType = text.plist.xml; path = Info.plist; sourceTree = "<group>"; };
/* End PBXFileReference section */

/* Begin PBXFrameworksBuildPhase section */
		365C65B828F5DB7800EFB940 /* Frameworks */ = {
			isa = PBXFrameworksBuildPhase;
			buildActionMask = 2147483647;
			files = (
			);
			runOnlyForDeploymentPostprocessing = 0;
		};
/* End PBXFrameworksBuildPhase section */

/* Begin PBXGroup section */
		365C65B228F5DB7800EFB940 = {
			isa = PBXGroup;
			children = (
				365C65BD28F5DB7800EFB940 /* ProjetoNavigation */,
				365C65BC28F5DB7800EFB940 /* Products */,
			);
			sourceTree = "<group>";
		};
		365C65BC28F5DB7800EFB940 /* Products */ = {
			isa = PBXGroup;
			children = (
				365C65BB28F5DB7800EFB940 /* ProjetoNavigation.app */,
			);
			name = Products;
			sourceTree = "<group>";
		};
		365C65BD28F5DB7800EFB940 /* ProjetoNavigation */ = {
			isa = PBXGroup;
			children = (
				365C65BE28F5DB7800EFB940 /* AppDelegate.swift */,
				365C65C028F5DB7800EFB940 /* SceneDelegate.swift */,
				365C65C228F5DB7800EFB940 /* ViewController.swift */,
				36194EE928F5F2F600477122 /* ThirdViewController.swift */,
				365C65C428F5DB7800EFB940 /* Main.storyboard */,
				36194EED28F5F4D700477122 /* FourthViewController.swift */,
				36194EEB28F5F49E00477122 /* FourthViewController.storyboard */,
				36194EE728F5F2B700477122 /* ThirdViewController.storyboard */,
				36194EE528F5F21F00477122 /* SecondViewController.storyboard */,
				36194EE328F5EC9700477122 /* SecondViewController.swift */,
				365C65C728F5DB7900EFB940 /* Assets.xcassets */,
				365C65C928F5DB7900EFB940 /* LaunchScreen.storyboard */,
				365C65CC28F5DB7900EFB940 /* Info.plist */,
			);
			path = ProjetoNavigation;
			sourceTree = "<group>";
		};
/* End PBXGroup section */

/* Begin PBXNativeTarget section */
		365C65BA28F5DB7800EFB940 /* ProjetoNavigation */ = {
			isa = PBXNativeTarget;
			buildConfigurationList = 365C65CF28F5DB7900EFB940 /* Build configuration list for PBXNativeTarget "ProjetoNavigation" */;
			buildPhases = (
				365C65B728F5DB7800EFB940 /* Sources */,
				365C65B828F5DB7800EFB940 /* Frameworks */,
				365C65B928F5DB7800EFB940 /* Resources */,
			);
			buildRules = (
			);
			dependencies = (
			);
			name = ProjetoNavigation;
			productName = ProjetoNavigation;
			productReference = 365C65BB28F5DB7800EFB940 /* ProjetoNavigation.app */;
			productType = "com.apple.product-type.application";
		};
/* End PBXNativeTarget section */

/* Begin PBXProject section */
		365C65B328F5DB7800EFB940 /* Project object */ = {
			isa = PBXProject;
			attributes = {
				BuildIndependentTargetsInParallel = 1;
				LastSwiftUpdateCheck = 1400;
				LastUpgradeCheck = 1400;
				TargetAttributes = {
					365C65BA28F5DB7800EFB940 = {
						CreatedOnToolsVersion = 14.0;
					};
				};
			};
			buildConfigurationList = 365C65B628F5DB7800EFB940 /* Build configuration list for PBXProject "ProjetoNavigation" */;
			compatibilityVersion = "Xcode 14.0";
			developmentRegion = en;
			hasScannedForEncodings = 0;
			knownRegions = (
				en,
				Base,
			);
			mainGroup = 365C65B228F5DB7800EFB940;
			productRefGroup = 365C65BC28F5DB7800EFB940 /* Products */;
			projectDirPath = "";
			projectRoot = "";
			targets = (
				365C65BA28F5DB7800EFB940 /* ProjetoNavigation */,
			);
		};
/* End PBXProject section */

/* Begin PBXResourcesBuildPhase section */
		365C65B928F5DB7800EFB940 /* Resources */ = {
			isa = PBXResourcesBuildPhase;
			buildActionMask = 2147483647;
			files = (
				36194EE828F5F2B700477122 /* ThirdViewController.storyboard in Resources */,
				36194EEC28F5F49E00477122 /* FourthViewController.storyboard in Resources */,
				365C65CB28F5DB7900EFB940 /* LaunchScreen.storyboard in Resources */,
				36194EE628F5F21F00477122 /* SecondViewController.storyboard in Resources */,
				365C65C828F5DB7900EFB940 /* Assets.xcassets in Resources */,
				365C65C628F5DB7800EFB940 /* Main.storyboard in Resources */,
			);
			runOnlyForDeploymentPostprocessing = 0;
		};
/* End PBXResourcesBuildPhase section */

/* Begin PBXSourcesBuildPhase section */
		365C65B728F5DB7800EFB940 /* Sources */ = {
			isa = PBXSourcesBuildPhase;
			buildActionMask = 2147483647;
			files = (
				36194EEE28F5F4D700477122 /* FourthViewController.swift in Sources */,
				36194EE428F5EC9700477122 /* SecondViewController.swift in Sources */,
				365C65C328F5DB7800EFB940 /* ViewController.swift in Sources */,
				36194EEA28F5F2F600477122 /* ThirdViewController.swift in Sources */,
				365C65BF28F5DB7800EFB940 /* AppDelegate.swift in Sources */,
				365C65C128F5DB7800EFB940 /* SceneDelegate.swift in Sources */,
			);
			runOnlyForDeploymentPostprocessing = 0;
		};
/* End PBXSourcesBuildPhase section */

/* Begin PBXVariantGroup section */
		365C65C428F5DB7800EFB940 /* Main.storyboard */ = {
			isa = PBXVariantGroup;
			children = (
				365C65C528F5DB7800EFB940 /* Base */,
			);
			name = Main.storyboard;
			sourceTree = "<group>";
		};
		365C65C928F5DB7900EFB940 /* LaunchScreen.storyboard */ = {
			isa = PBXVariantGroup;
			children = (
				365C65CA28F5DB7900EFB940 /* Base */,
			);
			name = LaunchScreen.storyboard;
			sourceTree = "<group>";
		};
/* End PBXVariantGroup section */

/* Begin XCBuildConfiguration section */
		365C65CD28F5DB7900EFB940 /* Debug */ = {
			isa = XCBuildConfiguration;
			buildSettings = {
				ALWAYS_SEARCH_USER_PATHS = NO;
				CLANG_ANALYZER_NONNULL = YES;
				CLANG_ANALYZER_NUMBER_OBJECT_CONVERSION = YES_AGGRESSIVE;
				CLANG_CXX_LANGUAGE_STANDARD = "gnu++20";
				CLANG_ENABLE_MODULES = YES;
				CLANG_ENABLE_OBJC_ARC = YES;
				CLANG_ENABLE_OBJC_WEAK = YES;
				CLANG_WARN_BLOCK_CAPTURE_AUTORELEASING = YES;
				CLANG_WARN_BOOL_CONVERSION = YES;
				CLANG_WARN_COMMA = YES;
				CLANG_WARN_CONSTANT_CONVERSION = YES;
				CLANG_WARN_DEPRECATED_OBJC_IMPLEMENTATIONS = YES;
				CLANG_WARN_DIRECT_OBJC_ISA_USAGE = YES_ERROR;
				CLANG_WARN_DOCUMENTATION_COMMENTS = YES;
				CLANG_WARN_EMPTY_BODY = YES;
				CLANG_WARN_ENUM_CONVERSION = YES;
				CLANG_WARN_INFINITE_RECURSION = YES;
				CLANG_WARN_INT_CONVERSION = YES;
				CLANG_WARN_NON_LITERAL_NULL_CONVERSION = YES;
				CLANG_WARN_OBJC_IMPLICIT_RETAIN_SELF = YES;
				CLANG_WARN_OBJC_LITERAL_CONVERSION = YES;
				CLANG_WARN_OBJC_ROOT_CLASS = YES_ERROR;
				CLANG_WARN_QUOTED_INCLUDE_IN_FRAMEWORK_HEADER = YES;
				CLANG_WARN_RANGE_LOOP_ANALYSIS = YES;
				CLANG_WARN_STRICT_PROTOTYPES = YES;
				CLANG_WARN_SUSPICIOUS_MOVE = YES;
				CLANG_WARN_UNGUARDED_AVAILABILITY = YES_AGGRESSIVE;
				CLANG_WARN_UNREACHABLE_CODE = YES;
				CLANG_WARN__DUPLICATE_METHOD_MATCH = YES;
				COPY_PHASE_STRIP = NO;
				DEBUG_INFORMATION_FORMAT = dwarf;
				ENABLE_STRICT_OBJC_MSGSEND = YES;
				ENABLE_TESTABILITY = YES;
				GCC_C_LANGUAGE_STANDARD = gnu11;
				GCC_DYNAMIC_NO_PIC = NO;
				GCC_NO_COMMON_BLOCKS = YES;
				GCC_OPTIMIZATION_LEVEL = 0;
				GCC_PREPROCESSOR_DEFINITIONS = (
					"DEBUG=1",
					"$(inherited)",
				);
				GCC_WARN_64_TO_32_BIT_CONVERSION = YES;
				GCC_WARN_ABOUT_RETURN_TYPE = YES_ERROR;
				GCC_WARN_UNDECLARED_SELECTOR = YES;
				GCC_WARN_UNINITIALIZED_AUTOS = YES_AGGRESSIVE;
				GCC_WARN_UNUSED_FUNCTION = YES;
				GCC_WARN_UNUSED_VARIABLE = YES;
				IPHONEOS_DEPLOYMENT_TARGET = 16.0;
				MTL_ENABLE_DEBUG_INFO = INCLUDE_SOURCE;
				MTL_FAST_MATH = YES;
				ONLY_ACTIVE_ARCH = YES;
				SDKROOT = iphoneos;
				SWIFT_ACTIVE_COMPILATION_CONDITIONS = DEBUG;
				SWIFT_OPTIMIZATION_LEVEL = "-Onone";
			};
			name = Debug;
		};
		365C65CE28F5DB7900EFB940 /* Release */ = {
			isa = XCBuildConfiguration;
			buildSettings = {
				ALWAYS_SEARCH_USER_PATHS = NO;
				CLANG_ANALYZER_NONNULL = YES;
				CLANG_ANALYZER_NUMBER_OBJECT_CONVERSION = YES_AGGRESSIVE;
				CLANG_CXX_LANGUAGE_STANDARD = "gnu++20";
				CLANG_ENABLE_MODULES = YES;
				CLANG_ENABLE_OBJC_ARC = YES;
				CLANG_ENABLE_OBJC_WEAK = YES;
				CLANG_WARN_BLOCK_CAPTURE_AUTORELEASING = YES;
				CLANG_WARN_BOOL_CONVERSION = YES;
				CLANG_WARN_COMMA = YES;
				CLANG_WARN_CONSTANT_CONVERSION = YES;
				CLANG_WARN_DEPRECATED_OBJC_IMPLEMENTATIONS = YES;
				CLANG_WARN_DIRECT_OBJC_ISA_USAGE = YES_ERROR;
				CLANG_WARN_DOCUMENTATION_COMMENTS = YES;
				CLANG_WARN_EMPTY_BODY = YES;
				CLANG_WARN_ENUM_CONVERSION = YES;
				CLANG_WARN_INFINITE_RECURSION = YES;
				CLANG_WARN_INT_CONVERSION = YES;
				CLANG_WARN_NON_LITERAL_NULL_CONVERSION = YES;
				CLANG_WARN_OBJC_IMPLICIT_RETAIN_SELF = YES;
				CLANG_WARN_OBJC_LITERAL_CONVERSION = YES;
				CLANG_WARN_OBJC_ROOT_CLASS = YES_ERROR;
				CLANG_WARN_QUOTED_INCLUDE_IN_FRAMEWORK_HEADER = YES;
				CLANG_WARN_RANGE_LOOP_ANALYSIS = YES;
				CLANG_WARN_STRICT_PROTOTYPES = YES;
				CLANG_WARN_SUSPICIOUS_MOVE = YES;
				CLANG_WARN_UNGUARDED_AVAILABILITY = YES_AGGRESSIVE;
				CLANG_WARN_UNREACHABLE_CODE = YES;
				CLANG_WARN__DUPLICATE_METHOD_MATCH = YES;
				COPY_PHASE_STRIP = NO;
				DEBUG_INFORMATION_FORMAT = "dwarf-with-dsym";
				ENABLE_NS_ASSERTIONS = NO;
				ENABLE_STRICT_OBJC_MSGSEND = YES;
				GCC_C_LANGUAGE_STANDARD = gnu11;
				GCC_NO_COMMON_BLOCKS = YES;
				GCC_WARN_64_TO_32_BIT_CONVERSION = YES;
				GCC_WARN_ABOUT_RETURN_TYPE = YES_ERROR;
				GCC_WARN_UNDECLARED_SELECTOR = YES;
				GCC_WARN_UNINITIALIZED_AUTOS = YES_AGGRESSIVE;
				GCC_WARN_UNUSED_FUNCTION = YES;
				GCC_WARN_UNUSED_VARIABLE = YES;
				IPHONEOS_DEPLOYMENT_TARGET = 16.0;
				MTL_ENABLE_DEBUG_INFO = NO;
				MTL_FAST_MATH = YES;
				SDKROOT = iphoneos;
				SWIFT_COMPILATION_MODE = wholemodule;
				SWIFT_OPTIMIZATION_LEVEL = "-O";
				VALIDATE_PRODUCT = YES;
			};
			name = Release;
		};
		365C65D028F5DB7900EFB940 /* Debug */ = {
			isa = XCBuildConfiguration;
			buildSettings = {
				ASSETCATALOG_COMPILER_APPICON_NAME = AppIcon;
				ASSETCATALOG_COMPILER_GLOBAL_ACCENT_COLOR_NAME = AccentColor;
				CODE_SIGN_STYLE = Automatic;
				CURRENT_PROJECT_VERSION = 1;
				GENERATE_INFOPLIST_FILE = YES;
				INFOPLIST_FILE = ProjetoNavigation/Info.plist;
				INFOPLIST_KEY_UIApplicationSupportsIndirectInputEvents = YES;
				INFOPLIST_KEY_UILaunchStoryboardName = LaunchScreen;
				INFOPLIST_KEY_UIMainStoryboardFile = Main;
				INFOPLIST_KEY_UISupportedInterfaceOrientations_iPad = "UIInterfaceOrientationPortrait UIInterfaceOrientationPortraitUpsideDown UIInterfaceOrientationLandscapeLeft UIInterfaceOrientationLandscapeRight";
				INFOPLIST_KEY_UISupportedInterfaceOrientations_iPhone = "UIInterfaceOrientationPortrait UIInterfaceOrientationLandscapeLeft UIInterfaceOrientationLandscapeRight";
				LD_RUNPATH_SEARCH_PATHS = (
					"$(inherited)",
					"@executable_path/Frameworks",
				);
				MARKETING_VERSION = 1.0;
				PRODUCT_BUNDLE_IDENTIFIER = backfront.ProjetoNavigation;
				PRODUCT_NAME = "$(TARGET_NAME)";
				SWIFT_EMIT_LOC_STRINGS = YES;
				SWIFT_VERSION = 5.0;
				TARGETED_DEVICE_FAMILY = "1,2";
			};
			name = Debug;
		};
		365C65D128F5DB7900EFB940 /* Release */ = {
			isa = XCBuildConfiguration;
			buildSettings = {
				ASSETCATALOG_COMPILER_APPICON_NAME = AppIcon;
				ASSETCATALOG_COMPILER_GLOBAL_ACCENT_COLOR_NAME = AccentColor;
				CODE_SIGN_STYLE = Automatic;
				CURRENT_PROJECT_VERSION = 1;
				GENERATE_INFOPLIST_FILE = YES;
				INFOPLIST_FILE = ProjetoNavigation/Info.plist;
				INFOPLIST_KEY_UIApplicationSupportsIndirectInputEvents = YES;
				INFOPLIST_KEY_UILaunchStoryboardName = LaunchScreen;
				INFOPLIST_KEY_UIMainStoryboardFile = Main;
				INFOPLIST_KEY_UISupportedInterfaceOrientations_iPad = "UIInterfaceOrientationPortrait UIInterfaceOrientationPortraitUpsideDown UIInterfaceOrientationLandscapeLeft UIInterfaceOrientationLandscapeRight";
				INFOPLIST_KEY_UISupportedInterfaceOrientations_iPhone = "UIInterfaceOrientationPortrait UIInterfaceOrientationLandscapeLeft UIInterfaceOrientationLandscapeRight";
				LD_RUNPATH_SEARCH_PATHS = (
					"$(inherited)",
					"@executable_path/Frameworks",
				);
				MARKETING_VERSION = 1.0;
				PRODUCT_BUNDLE_IDENTIFIER = backfront.ProjetoNavigation;
				PRODUCT_NAME = "$(TARGET_NAME)";
				SWIFT_EMIT_LOC_STRINGS = YES;
				SWIFT_VERSION = 5.0;
				TARGETED_DEVICE_FAMILY = "1,2";
			};
			name = Release;
		};
/* End XCBuildConfiguration section */

/* Begin XCConfigurationList section */
		365C65B628F5DB7800EFB940 /* Build configuration list for PBXProject "ProjetoNavigation" */ = {
			isa = XCConfigurationList;
			buildConfigurations = (
				365C65CD28F5DB7900EFB940 /* Debug */,
				365C65CE28F5DB7900EFB940 /* Release */,
			);
			defaultConfigurationIsVisible = 0;
			defaultConfigurationName = Release;
		};
		365C65CF28F5DB7900EFB940 /* Build configuration list for PBXNativeTarget "ProjetoNavigation" */ = {
			isa = XCConfigurationList;
			buildConfigurations = (
				365C65D028F5DB7900EFB940 /* Debug */,
				365C65D128F5DB7900EFB940 /* Release */,
			);
			defaultConfigurationIsVisible = 0;
			defaultConfigurationName = Release;
		};
/* End XCConfigurationList section */
	};
	rootObject = 365C65B328F5DB7800EFB940 /* Project object */;
}
